// !$*UTF8*$!
{
	archiveVersion = 1;
	classes = {
	};
	objectVersion = 46;
	objects = {

/* Begin PBXBuildFile section */
		FC5678171DE677E9000CB2F4 /* AppDelegate.swift in Sources */ = {isa = PBXBuildFile; fileRef = FC5678161DE677E9000CB2F4 /* AppDelegate.swift */; };
		FC5678191DE677E9000CB2F4 /* ViewController.swift in Sources */ = {isa = PBXBuildFile; fileRef = FC5678181DE677E9000CB2F4 /* ViewController.swift */; };
		FC56781C1DE677E9000CB2F4 /* Main.storyboard in Resources */ = {isa = PBXBuildFile; fileRef = FC56781A1DE677E9000CB2F4 /* Main.storyboard */; };
		FC56781E1DE677E9000CB2F4 /* Assets.xcassets in Resources */ = {isa = PBXBuildFile; fileRef = FC56781D1DE677E9000CB2F4 /* Assets.xcassets */; };
		FC5678211DE677E9000CB2F4 /* LaunchScreen.storyboard in Resources */ = {isa = PBXBuildFile; fileRef = FC56781F1DE677E9000CB2F4 /* LaunchScreen.storyboard */; };
		FC56782C1DE677E9000CB2F4 /* TicTacToeTests.swift in Sources */ = {isa = PBXBuildFile; fileRef = FC56782B1DE677E9000CB2F4 /* TicTacToeTests.swift */; };
/* End PBXBuildFile section */

/* Begin PBXContainerItemProxy section */
		FC5678281DE677E9000CB2F4 /* PBXContainerItemProxy */ = {
			isa = PBXContainerItemProxy;
			containerPortal = FC56780B1DE677E9000CB2F4 /* Project object */;
			proxyType = 1;
			remoteGlobalIDString = FC5678121DE677E9000CB2F4;
			remoteInfo = TicTacToe;
		};
/* End PBXContainerItemProxy section */

/* Begin PBXFileReference section */
		FC5678131DE677E9000CB2F4 /* TicTacToe.app */ = {isa = PBXFileReference; explicitFileType = wrapper.application; includeInIndex = 0; path = TicTacToe.app; sourceTree = BUILT_PRODUCTS_DIR; };
		FC5678161DE677E9000CB2F4 /* AppDelegate.swift */ = {isa = PBXFileReference; lastKnownFileType = sourcecode.swift; path = AppDelegate.swift; sourceTree = "<group>"; };
		FC5678181DE677E9000CB2F4 /* ViewController.swift */ = {isa = PBXFileReference; lastKnownFileType = sourcecode.swift; path = ViewController.swift; sourceTree = "<group>"; };
		FC56781B1DE677E9000CB2F4 /* Base */ = {isa = PBXFileReference; lastKnownFileType = file.storyboard; name = Base; path = Base.lproj/Main.storyboard; sourceTree = "<group>"; };
		FC56781D1DE677E9000CB2F4 /* Assets.xcassets */ = {isa = PBXFileReference; lastKnownFileType = folder.assetcatalog; path = Assets.xcassets; sourceTree = "<group>"; };
		FC5678201DE677E9000CB2F4 /* Base */ = {isa = PBXFileReference; lastKnownFileType = file.storyboard; name = Base; path = Base.lproj/LaunchScreen.storyboard; sourceTree = "<group>"; };
		FC5678221DE677E9000CB2F4 /* Info.plist */ = {isa = PBXFileReference; lastKnownFileType = text.plist.xml; path = Info.plist; sourceTree = "<group>"; };
		FC5678271DE677E9000CB2F4 /* TicTacToeTests.xctest */ = {isa = PBXFileReference; explicitFileType = wrapper.cfbundle; includeInIndex = 0; path = TicTacToeTests.xctest; sourceTree = BUILT_PRODUCTS_DIR; };
		FC56782B1DE677E9000CB2F4 /* TicTacToeTests.swift */ = {isa = PBXFileReference; lastKnownFileType = sourcecode.swift; path = TicTacToeTests.swift; sourceTree = "<group>"; };
		FC56782D1DE677E9000CB2F4 /* Info.plist */ = {isa = PBXFileReference; lastKnownFileType = text.plist.xml; path = Info.plist; sourceTree = "<group>"; };
/* End PBXFileReference section */

/* Begin PBXFrameworksBuildPhase section */
		FC5678101DE677E9000CB2F4 /* Frameworks */ = {
			isa = PBXFrameworksBuildPhase;
			buildActionMask = 2147483647;
			files = (
			);
			runOnlyForDeploymentPostprocessing = 0;
		};
		FC5678241DE677E9000CB2F4 /* Frameworks */ = {
			isa = PBXFrameworksBuildPhase;
			buildActionMask = 2147483647;
			files = (
			);
			runOnlyForDeploymentPostprocessing = 0;
		};
/* End PBXFrameworksBuildPhase section */

/* Begin PBXGroup section */
		FC56780A1DE677E9000CB2F4 = {
			isa = PBXGroup;
			children = (
				FC5678151DE677E9000CB2F4 /* TicTacToe */,
				FC56782A1DE677E9000CB2F4 /* TicTacToeTests */,
				FC5678141DE677E9000CB2F4 /* Products */,
			);
			sourceTree = "<group>";
		};
		FC5678141DE677E9000CB2F4 /* Products */ = {
			isa = PBXGroup;
			children = (
				FC5678131DE677E9000CB2F4 /* TicTacToe.app */,
				FC5678271DE677E9000CB2F4 /* TicTacToeTests.xctest */,
			);
			name = Products;
			sourceTree = "<group>";
		};
		FC5678151DE677E9000CB2F4 /* TicTacToe */ = {
			isa = PBXGroup;
			children = (
				FC5678161DE677E9000CB2F4 /* AppDelegate.swift */,
				FC5678181DE677E9000CB2F4 /* ViewController.swift */,
				FC56781A1DE677E9000CB2F4 /* Main.storyboard */,
				FC56781D1DE677E9000CB2F4 /* Assets.xcassets */,
				FC56781F1DE677E9000CB2F4 /* LaunchScreen.storyboard */,
				FC5678221DE677E9000CB2F4 /* Info.plist */,
			);
			path = TicTacToe;
			sourceTree = "<group>";
		};
		FC56782A1DE677E9000CB2F4 /* TicTacToeTests */ = {
			isa = PBXGroup;
			children = (
				FC56782B1DE677E9000CB2F4 /* TicTacToeTests.swift */,
				FC56782D1DE677E9000CB2F4 /* Info.plist */,
			);
			path = TicTacToeTests;
			sourceTree = "<group>";
		};
/* End PBXGroup section */

/* Begin PBXNativeTarget section */
		FC5678121DE677E9000CB2F4 /* TicTacToe */ = {
			isa = PBXNativeTarget;
			buildConfigurationList = FC5678301DE677E9000CB2F4 /* Build configuration list for PBXNativeTarget "TicTacToe" */;
			buildPhases = (
				FC56780F1DE677E9000CB2F4 /* Sources */,
				FC5678101DE677E9000CB2F4 /* Frameworks */,
				FC5678111DE677E9000CB2F4 /* Resources */,
			);
			buildRules = (
			);
			dependencies = (
			);
			name = TicTacToe;
			productName = TicTacToe;
			productReference = FC5678131DE677E9000CB2F4 /* TicTacToe.app */;
			productType = "com.apple.product-type.application";
		};
		FC5678261DE677E9000CB2F4 /* TicTacToeTests */ = {
			isa = PBXNativeTarget;
			buildConfigurationList = FC5678331DE677E9000CB2F4 /* Build configuration list for PBXNativeTarget "TicTacToeTests" */;
			buildPhases = (
				FC5678231DE677E9000CB2F4 /* Sources */,
				FC5678241DE677E9000CB2F4 /* Frameworks */,
				FC5678251DE677E9000CB2F4 /* Resources */,
			);
			buildRules = (
			);
			dependencies = (
				FC5678291DE677E9000CB2F4 /* PBXTargetDependency */,
			);
			name = TicTacToeTests;
			productName = TicTacToeTests;
			productReference = FC5678271DE677E9000CB2F4 /* TicTacToeTests.xctest */;
			productType = "com.apple.product-type.bundle.unit-test";
		};
/* End PBXNativeTarget section */

/* Begin PBXProject section */
		FC56780B1DE677E9000CB2F4 /* Project object */ = {
			isa = PBXProject;
			attributes = {
				LastSwiftUpdateCheck = 0810;
				LastUpgradeCheck = 0810;
				ORGANIZATIONNAME = "Miguel Bassila";
				TargetAttributes = {
					FC5678121DE677E9000CB2F4 = {
						CreatedOnToolsVersion = 8.1;
						ProvisioningStyle = Automatic;
					};
					FC5678261DE677E9000CB2F4 = {
						CreatedOnToolsVersion = 8.1;
						ProvisioningStyle = Automatic;
						TestTargetID = FC5678121DE677E9000CB2F4;
					};
				};
			};
			buildConfigurationList = FC56780E1DE677E9000CB2F4 /* Build configuration list for PBXProject "TicTacToe" */;
			compatibilityVersion = "Xcode 3.2";
			developmentRegion = English;
			hasScannedForEncodings = 0;
			knownRegions = (
				en,
				Base,
			);
			mainGroup = FC56780A1DE677E9000CB2F4;
			productRefGroup = FC5678141DE677E9000CB2F4 /* Products */;
			projectDirPath = "";
			projectRoot = "";
			targets = (
				FC5678121DE677E9000CB2F4 /* TicTacToe */,
				FC5678261DE677E9000CB2F4 /* TicTacToeTests */,
			);
		};
/* End PBXProject section */

/* Begin PBXResourcesBuildPhase section */
		FC5678111DE677E9000CB2F4 /* Resources */ = {
			isa = PBXResourcesBuildPhase;
			buildActionMask = 2147483647;
			files = (
				FC5678211DE677E9000CB2F4 /* LaunchScreen.storyboard in Resources */,
				FC56781E1DE677E9000CB2F4 /* Assets.xcassets in Resources */,
				FC56781C1DE677E9000CB2F4 /* Main.storyboard in Resources */,
			);
			runOnlyForDeploymentPostprocessing = 0;
		};
		FC5678251DE677E9000CB2F4 /* Resources */ = {
			isa = PBXResourcesBuildPhase;
			buildActionMask = 2147483647;
			files = (
			);
			runOnlyForDeploymentPostprocessing = 0;
		};
/* End PBXResourcesBuildPhase section */

/* Begin PBXSourcesBuildPhase section */
		FC56780F1DE677E9000CB2F4 /* Sources */ = {
			isa = PBXSourcesBuildPhase;
			buildActionMask = 2147483647;
			files = (
				FC5678191DE677E9000CB2F4 /* ViewController.swift in Sources */,
				FC5678171DE677E9000CB2F4 /* AppDelegate.swift in Sources */,
			);
			runOnlyForDeploymentPostprocessing = 0;
		};
		FC5678231DE677E9000CB2F4 /* Sources */ = {
			isa = PBXSourcesBuildPhase;
			buildActionMask = 2147483647;
			files = (
				FC56782C1DE677E9000CB2F4 /* TicTacToeTests.swift in Sources */,
			);
			runOnlyForDeploymentPostprocessing = 0;
		};
/* End PBXSourcesBuildPhase section */

/* Begin PBXTargetDependency section */
		FC5678291DE677E9000CB2F4 /* PBXTargetDependency */ = {
			isa = PBXTargetDependency;
			target = FC5678121DE677E9000CB2F4 /* TicTacToe */;
			targetProxy = FC5678281DE677E9000CB2F4 /* PBXContainerItemProxy */;
		};
/* End PBXTargetDependency section */

/* Begin PBXVariantGroup section */
		FC56781A1DE677E9000CB2F4 /* Main.storyboard */ = {
			isa = PBXVariantGroup;
			children = (
				FC56781B1DE677E9000CB2F4 /* Base */,
			);
			name = Main.storyboard;
			sourceTree = "<group>";
		};
		FC56781F1DE677E9000CB2F4 /* LaunchScreen.storyboard */ = {
			isa = PBXVariantGroup;
			children = (
				FC5678201DE677E9000CB2F4 /* Base */,
			);
			name = LaunchScreen.storyboard;
			sourceTree = "<group>";
		};
/* End PBXVariantGroup section */

/* Begin XCBuildConfiguration section */
		FC56782E1DE677E9000CB2F4 /* Debug */ = {
			isa = XCBuildConfiguration;
			buildSettings = {
				ALWAYS_SEARCH_USER_PATHS = NO;
				CLANG_ANALYZER_NONNULL = YES;
				CLANG_CXX_LANGUAGE_STANDARD = "gnu++0x";
				CLANG_CXX_LIBRARY = "libc++";
				CLANG_ENABLE_MODULES = YES;
				CLANG_ENABLE_OBJC_ARC = YES;
				CLANG_WARN_BOOL_CONVERSION = YES;
				CLANG_WARN_CONSTANT_CONVERSION = YES;
				CLANG_WARN_DIRECT_OBJC_ISA_USAGE = YES_ERROR;
				CLANG_WARN_DOCUMENTATION_COMMENTS = YES;
				CLANG_WARN_EMPTY_BODY = YES;
				CLANG_WARN_ENUM_CONVERSION = YES;
				CLANG_WARN_INFINITE_RECURSION = YES;
				CLANG_WARN_INT_CONVERSION = YES;
				CLANG_WARN_OBJC_ROOT_CLASS = YES_ERROR;
				CLANG_WARN_SUSPICIOUS_MOVES = YES;
				CLANG_WARN_UNREACHABLE_CODE = YES;
				CLANG_WARN__DUPLICATE_METHOD_MATCH = YES;
				"CODE_SIGN_IDENTITY[sdk=iphoneos*]" = "iPhone Developer";
				COPY_PHASE_STRIP = NO;
				DEBUG_INFORMATION_FORMAT = dwarf;
				ENABLE_STRICT_OBJC_MSGSEND = YES;
				ENABLE_TESTABILITY = YES;
				GCC_C_LANGUAGE_STANDARD = gnu99;
				GCC_DYNAMIC_NO_PIC = NO;
				GCC_NO_COMMON_BLOCKS = YES;
				GCC_OPTIMIZATION_LEVEL = 0;
				GCC_PREPROCESSOR_DEFINITIONS = (
					"DEBUG=1",
					"$(inherited)",
				);
				GCC_WARN_64_TO_32_BIT_CONVERSION = YES;
				GCC_WARN_ABOUT_RETURN_TYPE = YES_ERROR;
				GCC_WARN_UNDECLARED_SELECTOR = YES;
				GCC_WARN_UNINITIALIZED_AUTOS = YES_AGGRESSIVE;
				GCC_WARN_UNUSED_FUNCTION = YES;
				GCC_WARN_UNUSED_VARIABLE = YES;
				IPHONEOS_DEPLOYMENT_TARGET = 10.1;
				MTL_ENABLE_DEBUG_INFO = YES;
				ONLY_ACTIVE_ARCH = YES;
				SDKROOT = iphoneos;
				SWIFT_ACTIVE_COMPILATION_CONDITIONS = DEBUG;
				SWIFT_OPTIMIZATION_LEVEL = "-Onone";
			};
			name = Debug;
		};
		FC56782F1DE677E9000CB2F4 /* Release */ = {
			isa = XCBuildConfiguration;
			buildSettings = {
				ALWAYS_SEARCH_USER_PATHS = NO;
				CLANG_ANALYZER_NONNULL = YES;
				CLANG_CXX_LANGUAGE_STANDARD = "gnu++0x";
				CLANG_CXX_LIBRARY = "libc++";
				CLANG_ENABLE_MODULES = YES;
				CLANG_ENABLE_OBJC_ARC = YES;
				CLANG_WARN_BOOL_CONVERSION = YES;
				CLANG_WARN_CONSTANT_CONVERSION = YES;
				CLANG_WARN_DIRECT_OBJC_ISA_USAGE = YES_ERROR;
				CLANG_WARN_DOCUMENTATION_COMMENTS = YES;
				CLANG_WARN_EMPTY_BODY = YES;
				CLANG_WARN_ENUM_CONVERSION = YES;
				CLANG_WARN_INFINITE_RECURSION = YES;
				CLANG_WARN_INT_CONVERSION = YES;
				CLANG_WARN_OBJC_ROOT_CLASS = YES_ERROR;
				CLANG_WARN_SUSPICIOUS_MOVES = YES;
				CLANG_WARN_UNREACHABLE_CODE = YES;
				CLANG_WARN__DUPLICATE_METHOD_MATCH = YES;
				"CODE_SIGN_IDENTITY[sdk=iphoneos*]" = "iPhone Developer";
				COPY_PHASE_STRIP = NO;
				DEBUG_INFORMATION_FORMAT = "dwarf-with-dsym";
				ENABLE_NS_ASSERTIONS = NO;
				ENABLE_STRICT_OBJC_MSGSEND = YES;
				GCC_C_LANGUAGE_STANDARD = gnu99;
				GCC_NO_COMMON_BLOCKS = YES;
				GCC_WARN_64_TO_32_BIT_CONVERSION = YES;
				GCC_WARN_ABOUT_RETURN_TYPE = YES_ERROR;
				GCC_WARN_UNDECLARED_SELECTOR = YES;
				GCC_WARN_UNINITIALIZED_AUTOS = YES_AGGRESSIVE;
				GCC_WARN_UNUSED_FUNCTION = YES;
				GCC_WARN_UNUSED_VARIABLE = YES;
				IPHONEOS_DEPLOYMENT_TARGET = 10.1;
				MTL_ENABLE_DEBUG_INFO = NO;
				SDKROOT = iphoneos;
				SWIFT_OPTIMIZATION_LEVEL = "-Owholemodule";
				VALIDATE_PRODUCT = YES;
			};
			name = Release;
		};
		FC5678311DE677E9000CB2F4 /* Debug */ = {
			isa = XCBuildConfiguration;
			buildSettings = {
				ASSETCATALOG_COMPILER_APPICON_NAME = AppIcon;
				INFOPLIST_FILE = TicTacToe/Info.plist;
				LD_RUNPATH_SEARCH_PATHS = "$(inherited) @executable_path/Frameworks";
				PRODUCT_BUNDLE_IDENTIFIER = com.miguelbassila.TicTacToe;
				PRODUCT_NAME = "$(TARGET_NAME)";
				SWIFT_VERSION = 3.0;
			};
			name = Debug;
		};
		FC5678321DE677E9000CB2F4 /* Release */ = {
			isa = XCBuildConfiguration;
			buildSettings = {
				ASSETCATALOG_COMPILER_APPICON_NAME = AppIcon;
				INFOPLIST_FILE = TicTacToe/Info.plist;
				LD_RUNPATH_SEARCH_PATHS = "$(inherited) @executable_path/Frameworks";
				PRODUCT_BUNDLE_IDENTIFIER = com.miguelbassila.TicTacToe;
				PRODUCT_NAME = "$(TARGET_NAME)";
				SWIFT_VERSION = 3.0;
			};
			name = Release;
		};
		FC5678341DE677E9000CB2F4 /* Debug */ = {
			isa = XCBuildConfiguration;
			buildSettings = {
				ALWAYS_EMBED_SWIFT_STANDARD_LIBRARIES = YES;
				BUNDLE_LOADER = "$(TEST_HOST)";
				INFOPLIST_FILE = TicTacToeTests/Info.plist;
				LD_RUNPATH_SEARCH_PATHS = "$(inherited) @executable_path/Frameworks @loader_path/Frameworks";
				PRODUCT_BUNDLE_IDENTIFIER = com.miguelbassila.TicTacToeTests;
				PRODUCT_NAME = "$(TARGET_NAME)";
				SWIFT_VERSION = 3.0;
				TEST_HOST = "$(BUILT_PRODUCTS_DIR)/TicTacToe.app/TicTacToe";
			};
			name = Debug;
		};
		FC5678351DE677E9000CB2F4 /* Release */ = {
			isa = XCBuildConfiguration;
			buildSettings = {
				ALWAYS_EMBED_SWIFT_STANDARD_LIBRARIES = YES;
				BUNDLE_LOADER = "$(TEST_HOST)";
				INFOPLIST_FILE = TicTacToeTests/Info.plist;
				LD_RUNPATH_SEARCH_PATHS = "$(inherited) @executable_path/Frameworks @loader_path/Frameworks";
				PRODUCT_BUNDLE_IDENTIFIER = com.miguelbassila.TicTacToeTests;
				PRODUCT_NAME = "$(TARGET_NAME)";
				SWIFT_VERSION = 3.0;
				TEST_HOST = "$(BUILT_PRODUCTS_DIR)/TicTacToe.app/TicTacToe";
			};
			name = Release;
		};
/* End XCBuildConfiguration section */

/* Begin XCConfigurationList section */
		FC56780E1DE677E9000CB2F4 /* Build configuration list for PBXProject "TicTacToe" */ = {
			isa = XCConfigurationList;
			buildConfigurations = (
				FC56782E1DE677E9000CB2F4 /* Debug */,
				FC56782F1DE677E9000CB2F4 /* Release */,
			);
			defaultConfigurationIsVisible = 0;
			defaultConfigurationName = Release;
		};
		FC5678301DE677E9000CB2F4 /* Build configuration list for PBXNativeTarget "TicTacToe" */ = {
			isa = XCConfigurationList;
			buildConfigurations = (
				FC5678311DE677E9000CB2F4 /* Debug */,
				FC5678321DE677E9000CB2F4 /* Release */,
			);
			defaultConfigurationIsVisible = 0;
		};
		FC5678331DE677E9000CB2F4 /* Build configuration list for PBXNativeTarget "TicTacToeTests" */ = {
			isa = XCConfigurationList;
			buildConfigurations = (
				FC5678341DE677E9000CB2F4 /* Debug */,
				FC5678351DE677E9000CB2F4 /* Release */,
			);
			defaultConfigurationIsVisible = 0;
		};
/* End XCConfigurationList section */
	};
	rootObject = FC56780B1DE677E9000CB2F4 /* Project object */;
}
